{
  "version": "4",
  "specifiers": {
    "jsr:@cliffy/command@1.0.0-rc.4": "1.0.0-rc.4",
    "jsr:@cliffy/flags@1.0.0-rc.4": "1.0.0-rc.4",
    "jsr:@cliffy/table@1.0.0-rc.4": "1.0.0-rc.4",
    "jsr:@std/assert@0.221": "0.221.0",
    "jsr:@std/console@0.221": "0.221.0",
    "jsr:@std/fmt@0.221": "0.221.0",
    "jsr:@std/text@0.221": "0.221.0",
    "npm:@resvg/resvg-js@*": "2.6.2"
  },
  "jsr": {
    "@cliffy/command@1.0.0-rc.4": {
      "integrity": "709884ffe0f53ce3edafa92b58223634397878fbf6dcabe0c74ea0108273b9f7",
      "dependencies": [
        "jsr:@cliffy/flags",
        "jsr:@cliffy/table",
        "jsr:@std/fmt",
        "jsr:@std/text"
      ]
    },
    "@cliffy/flags@1.0.0-rc.4": {
      "integrity": "29f370ade4ddf6e150a4d25fc44661234c19870ffcf7fb07cd100f1843fcd6e1",
      "dependencies": [
        "jsr:@std/text"
      ]
    },
    "@cliffy/table@1.0.0-rc.4": {
      "integrity": "990e4e0b3910e6c9cf7a5b4318b8f5e121cf681494c94fd113febb9b4d4c0741",
      "dependencies": [
        "jsr:@std/console",
        "jsr:@std/fmt"
      ]
    },
    "@std/assert@0.221.0": {
      "integrity": "a5f1aa6e7909dbea271754fd4ab3f4e687aeff4873b4cef9a320af813adb489a"
    },
    "@std/console@0.221.0": {
      "integrity": "8f2afc1f3f14f5d6039c0c767f057e4aa1897d2210e167c4667cb155cafb9d11",
      "dependencies": [
        "jsr:@std/assert"
      ]
    },
    "@std/fmt@0.221.0": {
      "integrity": "379fed69bdd9731110f26b9085aeb740606b20428ce6af31ef6bd45ef8efa62a"
    },
    "@std/text@0.221.0": {
      "integrity": "a2f89ceb0d8851cd33e6774064621a1da9fbc36578cf4f02c5b5bcd7e8c84b67",
      "dependencies": [
        "jsr:@std/assert"
      ]
    }
  },
  "npm": {
    "@resvg/resvg-js-android-arm-eabi@2.6.2": {
      "integrity": "sha512-FrJibrAk6v29eabIPgcTUMPXiEz8ssrAk7TXxsiZzww9UTQ1Z5KAbFJs+Z0Ez+VZTYgnE5IQJqBcoSiMebtPHA=="
    },
    "@resvg/resvg-js-android-arm64@2.6.2": {
      "integrity": "sha512-VcOKezEhm2VqzXpcIJoITuvUS/fcjIw5NA/w3tjzWyzmvoCdd+QXIqy3FBGulWdClvp4g+IfUemigrkLThSjAQ=="
    },
    "@resvg/resvg-js-darwin-arm64@2.6.2": {
      "integrity": "sha512-nmok2LnAd6nLUKI16aEB9ydMC6Lidiiq2m1nEBDR1LaaP7FGs4AJ90qDraxX+CWlVuRlvNjyYJTNv8qFjtL9+A=="
    },
    "@resvg/resvg-js-darwin-x64@2.6.2": {
      "integrity": "sha512-GInyZLjgWDfsVT6+SHxQVRwNzV0AuA1uqGsOAW+0th56J7Nh6bHHKXHBWzUrihxMetcFDmQMAX1tZ1fZDYSRsw=="
    },
    "@resvg/resvg-js-linux-arm-gnueabihf@2.6.2": {
      "integrity": "sha512-YIV3u/R9zJbpqTTNwTZM5/ocWetDKGsro0SWp70eGEM9eV2MerWyBRZnQIgzU3YBnSBQ1RcxRZvY/UxwESfZIw=="
    },
    "@resvg/resvg-js-linux-arm64-gnu@2.6.2": {
      "integrity": "sha512-zc2BlJSim7YR4FZDQ8OUoJg5holYzdiYMeobb9pJuGDidGL9KZUv7SbiD4E8oZogtYY42UZEap7dqkkYuA91pg=="
    },
    "@resvg/resvg-js-linux-arm64-musl@2.6.2": {
      "integrity": "sha512-3h3dLPWNgSsD4lQBJPb4f+kvdOSJHa5PjTYVsWHxLUzH4IFTJUAnmuWpw4KqyQ3NA5QCyhw4TWgxk3jRkQxEKg=="
    },
    "@resvg/resvg-js-linux-x64-gnu@2.6.2": {
      "integrity": "sha512-IVUe+ckIerA7xMZ50duAZzwf1U7khQe2E0QpUxu5MBJNao5RqC0zwV/Zm965vw6D3gGFUl7j4m+oJjubBVoftw=="
    },
    "@resvg/resvg-js-linux-x64-musl@2.6.2": {
      "integrity": "sha512-UOf83vqTzoYQO9SZ0fPl2ZIFtNIz/Rr/y+7X8XRX1ZnBYsQ/tTb+cj9TE+KHOdmlTFBxhYzVkP2lRByCzqi4jQ=="
    },
    "@resvg/resvg-js-win32-arm64-msvc@2.6.2": {
      "integrity": "sha512-7C/RSgCa+7vqZ7qAbItfiaAWhyRSoD4l4BQAbVDqRRsRgY+S+hgS3in0Rxr7IorKUpGE69X48q6/nOAuTJQxeQ=="
    },
    "@resvg/resvg-js-win32-ia32-msvc@2.6.2": {
      "integrity": "sha512-har4aPAlvjnLcil40AC77YDIk6loMawuJwFINEM7n0pZviwMkMvjb2W5ZirsNOZY4aDbo5tLx0wNMREp5Brk+w=="
    },
    "@resvg/resvg-js-win32-x64-msvc@2.6.2": {
      "integrity": "sha512-ZXtYhtUr5SSaBrUDq7DiyjOFJqBVL/dOBN7N/qmi/pO0IgiWW/f/ue3nbvu9joWE5aAKDoIzy/CxsY0suwGosQ=="
    },
    "@resvg/resvg-js@2.6.2": {
      "integrity": "sha512-xBaJish5OeGmniDj9cW5PRa/PtmuVU3ziqrbr5xJj901ZDN4TosrVaNZpEiLZAxdfnhAe7uQ7QFWfjPe9d9K2Q==",
      "dependencies": [
        "@resvg/resvg-js-android-arm-eabi",
        "@resvg/resvg-js-android-arm64",
        "@resvg/resvg-js-darwin-arm64",
        "@resvg/resvg-js-darwin-x64",
        "@resvg/resvg-js-linux-arm-gnueabihf",
        "@resvg/resvg-js-linux-arm64-gnu",
        "@resvg/resvg-js-linux-arm64-musl",
        "@resvg/resvg-js-linux-x64-gnu",
        "@resvg/resvg-js-linux-x64-musl",
        "@resvg/resvg-js-win32-arm64-msvc",
        "@resvg/resvg-js-win32-ia32-msvc",
        "@resvg/resvg-js-win32-x64-msvc"
      ]
    }
  },
  "redirects": {
    "https://esm.sh/v128/@types/react@~18.2/index.d.ts": "https://esm.sh/v128/@types/react@18.2.38/index.d.ts",
    "https://esm.sh/v128/@types/react@~18.2/jsx-runtime~.d.ts": "https://esm.sh/v128/@types/react@18.2.38/jsx-runtime~.d.ts",
    "https://esm.sh/v135/@types/react-dom@~18.2/index.d.ts": "https://esm.sh/v135/@types/react-dom@18.2.25/index.d.ts"
  },
  "remote": {
    "https://deno.land/std@0.203.0/dotenv/mod.ts": "1da8c6d0e7f7d8a5c2b19400b763bc11739df24acec235dda7ea2cfd3d300057",
    "https://deno.land/x/clipboard@v0.0.3/mod.ts": "5b68fe3b710b852de5273c135fc3c11b2b4050577401ee994161380bd8cab219",
    "https://esm.sh/react-dom@18.2.0": "f6b0d147f7c364819144f06e24839ed89354ce25d8b6608de57871130b19a0b2",
    "https://esm.sh/react@18.2.0": "04ad7dc6d11fa27b24c136686a334ecdd19e972fae627cd98cbdc13cdac238c2",
    "https://esm.sh/react@18.2.0/jsx-runtime": "aa011b336e339e6eaacc89787e7e3d6eb726b3701d9f8ac7fcd01db1595357cb",
    "https://esm.sh/satori@0.10.13": "ac00887915b3e3c47eeb8b490d5907a7ca2a0a21c22e8ecbc728457e94eba753",
    "https://esm.sh/stable/react@18.2.0/denonext/jsx-runtime.js": "309faa58fa4e914707daffa1a9514bef4593c952f930640cf93bb871aab7ceb6",
    "https://esm.sh/stable/react@18.2.0/denonext/react.mjs": "3c4f23bcfc53b256fcfaf6f834fa9f584c3bb7be667b2682c6cb6ba8ef88f8e6",
    "https://esm.sh/v135/@shuding/opentype.js@1.4.0-beta.0/denonext/opentype.mjs": "83a96319a889e45c88e1d7bb370a87c5db4b1a401279a7de642f7d489d30a0ee",
    "https://esm.sh/v135/base64-js@0.0.8/denonext/base64-js.mjs": "33fff8859bab5c840436ead1e14082f8a0490763e1cbf177d46abf57287ad943",
    "https://esm.sh/v135/camelize@1.0.1/denonext/camelize.mjs": "2267a92f6a41e681646e3cf4014829df7643070ef525de6fb2a432e70dfcf211",
    "https://esm.sh/v135/color-name@1.1.4/denonext/color-name.mjs": "88abd3b0b19ef92d342221b38dc51760a4bab4540308c2dcb9db3c2cc68e5986",
    "https://esm.sh/v135/css-background-parser@0.1.0/denonext/css-background-parser.mjs": "8bcaf3c95ddd47e9cf8f45ca088cbb42f5a56bb1b2a0a1d04c647e07d5bc2f38",
    "https://esm.sh/v135/css-box-shadow@1.0.0-3/denonext/css-box-shadow.mjs": "d63628e169469210e23b6b84107526e4e9fe7e086163dd7f0cbbb3a2a57b1a56",
    "https://esm.sh/v135/css-color-keywords@1.0.0/denonext/css-color-keywords.mjs": "751fa4992522b9acd404c6fc5df295e34eec8fde87b584173c249868eae39952",
    "https://esm.sh/v135/css-to-react-native@3.2.0/denonext/css-to-react-native.mjs": "fb3b92311bab404d573f64f31b5514ded6cea549948f91a5df40849f1da82847",
    "https://esm.sh/v135/escape-html@1.0.3/denonext/escape-html.mjs": "836d29b9da47c2ac09ffa144f01a4726a38b4e4a9748e37cd115a6316aed2b00",
    "https://esm.sh/v135/hex-rgb@4.3.0/denonext/hex-rgb.mjs": "7921f66af19d6c1f86ef1c2c825be756b9bf5b18a4f0b039cf45141096b398ef",
    "https://esm.sh/v135/linebreak@1.1.0/denonext/linebreak.mjs": "92506ad05c1bf348fe57a34cbf3caaacdeea76d104966d93176c88d7a3a23527",
    "https://esm.sh/v135/parse-css-color@0.2.1/denonext/parse-css-color.mjs": "d7c98d492f030ec53dfd8b80a464add5de8a0f9cd539dbebfd5461e9743a9d9b",
    "https://esm.sh/v135/postcss-value-parser@4.2.0/denonext/postcss-value-parser.mjs": "0873445cb149a5a1d815b526f77a989991ee196cbbc578c508f44c9974d7505c",
    "https://esm.sh/v135/react-dom@18.2.0/denonext/react-dom.mjs": "8191fc377ea7083cca5640699c4abd75de033089eb932799e29aa04bb136838f",
    "https://esm.sh/v135/satori@0.10.13/denonext/satori.mjs": "cef43cc9bf7c3ebedccc76e5e936eeecf103a97faed6dd594aa499466e0b4b75",
    "https://esm.sh/v135/scheduler@0.23.0/denonext/scheduler.mjs": "cdbc6d2823e2c6fffcb14501146ff2602a38c48d3c9dd9268f308e833ede2b49",
    "https://esm.sh/v135/tiny-inflate@1.0.3/denonext/tiny-inflate.mjs": "b05e99b89711075c2b4b7858168f116704186a74f15b49a33cd9f637af4310ac",
    "https://esm.sh/v135/unicode-trie@2.0.0/denonext/unicode-trie.mjs": "1eed05d57f1f6d380eb8349a5cabdeaafec68b86c762a5fd762a9ac3ff3138d0",
    "https://esm.sh/v135/yoga-wasm-web@0.3.3/denonext/asm.js": "5bf8284e1aa9da16ea9a5befbcc404f8f9446e04f1c3b95ee3b9fbb916eb56aa"
  }
}
